
Microsoft Visual Studio Solution File, Format Version 12.00
# Visual Studio 2012
Project("{FAE04EC0-301F-11D3-BF4B-00C04F79EFBC}") = "BizTalkComponents.PipelineComponents.DecryptMessage", "Src\BizTalkComponents.PipelineComponents.DecryptMessage.csproj", "{0A25E737-4B66-428B-9438-B26778C7A9C1}"
EndProject
Project("{2150E333-8FDC-42A3-9474-1A3956D46DE8}") = "Build", "Build", "{5F6EB8CC-5D46-404C-97EE-F922C470271D}"
	ProjectSection(SolutionItems) = preProject
		Build\Build.proj = Build\Build.proj
	EndProjectSection
EndProject
Project("{FAE04EC0-301F-11D3-BF4B-00C04F79EFBC}") = "BizTalkComponents.PipelineComponents.DecryptMessage.Tests.UnitTests", "Tests\UnitTests\BizTalkComponents.PipelineComponents.DecryptMessage.Tests.UnitTests.csproj", "{291205B5-2F3D-47C3-B79E-4720C55501B9}"
EndProject
Global
	GlobalSection(SolutionConfigurationPlatforms) = preSolution
		Debug|Any CPU = Debug|Any CPU
		Release|Any CPU = Release|Any CPU
	EndGlobalSection
	GlobalSection(ProjectConfigurationPlatforms) = postSolution
		{0A25E737-4B66-428B-9438-B26778C7A9C1}.Debug|Any CPU.ActiveCfg = Debug|Any CPU
		{0A25E737-4B66-428B-9438-B26778C7A9C1}.Debug|Any CPU.Build.0 = Debug|Any CPU
		{0A25E737-4B66-428B-9438-B26778C7A9C1}.Release|Any CPU.ActiveCfg = Release|Any CPU
		{0A25E737-4B66-428B-9438-B26778C7A9C1}.Release|Any CPU.Build.0 = Release|Any CPU
		{291205B5-2F3D-47C3-B79E-4720C55501B9}.Debug|Any CPU.ActiveCfg = Debug|Any CPU
		{291205B5-2F3D-47C3-B79E-4720C55501B9}.Debug|Any CPU.Build.0 = Debug|Any CPU
		{291205B5-2F3D-47C3-B79E-4720C55501B9}.Release|Any CPU.ActiveCfg = Release|Any CPU
		{291205B5-2F3D-47C3-B79E-4720C55501B9}.Release|Any CPU.Build.0 = Release|Any CPU
	EndGlobalSection
	GlobalSection(SolutionProperties) = preSolution
		HideSolutionNode = FALSE
	EndGlobalSection
EndGlobal
